
Microsoft Visual Studio Solution File, Format Version 12.00
# Visual Studio 15
VisualStudioVersion = 15.0.27703.2018
MinimumVisualStudioVersion = 10.0.40219.1
Project("{FAE04EC0-301F-11D3-BF4B-00C04F79EFBC}") = "Library", "Library\Library.csproj", "{2D65F6AE-7681-4D38-B6BD-5A641EF259A6}"
EndProject
Global
	GlobalSection(SolutionConfigurationPlatforms) = preSolution
		Debug|Any CPU = Debug|Any CPU
		Debug|x64 = Debug|x64
		Debug|x86 = Debug|x86
		Release|Any CPU = Release|Any CPU
		Release|x64 = Release|x64
		Release|x86 = Release|x86
	EndGlobalSection
	GlobalSection(ProjectConfigurationPlatforms) = postSolution
		{2D65F6AE-7681-4D38-B6BD-5A641EF259A6}.Debug|Any CPU.ActiveCfg = Debug|Any CPU
		{2D65F6AE-7681-4D38-B6BD-5A641EF259A6}.Debug|Any CPU.Build.0 = Debug|Any CPU
		{2D65F6AE-7681-4D38-B6BD-5A641EF259A6}.Debug|x64.ActiveCfg = Debug|x64
		{2D65F6AE-7681-4D38-B6BD-5A641EF259A6}.Debug|x64.Build.0 = Debug|x64
		{2D65F6AE-7681-4D38-B6BD-5A641EF259A6}.Debug|x86.ActiveCfg = Debug|x86
		{2D65F6AE-7681-4D38-B6BD-5A641EF259A6}.Debug|x86.Build.0 = Debug|x86
		{2D65F6AE-7681-4D38-B6BD-5A641EF259A6}.Release|Any CPU.ActiveCfg = Release|Any CPU
		{2D65F6AE-7681-4D38-B6BD-5A641EF259A6}.Release|Any CPU.Build.0 = Release|Any CPU
		{2D65F6AE-7681-4D38-B6BD-5A641EF259A6}.Release|x64.ActiveCfg = Release|x64
		{2D65F6AE-7681-4D38-B6BD-5A641EF259A6}.Release|x64.Build.0 = Release|x64
		{2D65F6AE-7681-4D38-B6BD-5A641EF259A6}.Release|x86.ActiveCfg = Release|x64
		{2D65F6AE-7681-4D38-B6BD-5A641EF259A6}.Release|x86.Build.0 = Release|x64
	EndGlobalSection
	GlobalSection(SolutionProperties) = preSolution
		HideSolutionNode = FALSE
	EndGlobalSection
	GlobalSection(ExtensibilityGlobals) = postSolution
		SolutionGuid = {154469D3-536B-496E-BD9F-D2D0B08A94A4}
	EndGlobalSection
EndGlobal
